
Microsoft Visual Studio Solution File, Format Version 12.00
# Visual Studio Version 17
VisualStudioVersion = 17.7.34031.279
MinimumVisualStudioVersion = 10.0.40219.1
Project("{9A19103F-16F7-4668-BE54-9A1E7A4F7556}") = "Professions", "first\Professions.csproj", "{E22BCB03-17A5-4157-9141-519EA0337195}"
EndProject
Global
	GlobalSection(SolutionConfigurationPlatforms) = preSolution
		Debug|Any CPU = Debug|Any CPU
		Release|Any CPU = Release|Any CPU
	EndGlobalSection
	GlobalSection(ProjectConfigurationPlatforms) = postSolution
		{E22BCB03-17A5-4157-9141-519EA0337195}.Debug|Any CPU.ActiveCfg = Debug|Any CPU
		{E22BCB03-17A5-4157-9141-519EA0337195}.Debug|Any CPU.Build.0 = Debug|Any CPU
		{E22BCB03-17A5-4157-9141-519EA0337195}.Debug|Any CPU.Deploy.0 = Debug|Any CPU
		{E22BCB03-17A5-4157-9141-519EA0337195}.Release|Any CPU.ActiveCfg = Release|Any CPU
		{E22BCB03-17A5-4157-9141-519EA0337195}.Release|Any CPU.Build.0 = Release|Any CPU
		{E22BCB03-17A5-4157-9141-519EA0337195}.Release|Any CPU.Deploy.0 = Release|Any CPU
	EndGlobalSection
	GlobalSection(SolutionProperties) = preSolution
		HideSolutionNode = FALSE
	EndGlobalSection
	GlobalSection(ExtensibilityGlobals) = postSolution
		SolutionGuid = {C55BE7A0-CB52-42C4-A9B9-989EF0EB83EA}
	EndGlobalSection
EndGlobal
